
Microsoft Visual Studio Solution File, Format Version 12.00
# Visual Studio Version 17
VisualStudioVersion = 17.4.33122.133
MinimumVisualStudioVersion = 10.0.40219.1
Project("{2150E333-8FDC-42A3-9474-1A3956D46DE8}") = "Domain", "Domain", "{19306FF7-3915-4147-8ACA-A0A60A5E1151}"
EndProject
Project("{2150E333-8FDC-42A3-9474-1A3956D46DE8}") = "Core", "Core", "{80C0FA1E-3F44-4A6D-AEED-0270851B254E}"
EndProject
Project("{2150E333-8FDC-42A3-9474-1A3956D46DE8}") = "Web", "Web", "{14CF255B-5D23-4C87-9A98-EB06E1E76A5B}"
EndProject
Project("{9A19103F-16F7-4668-BE54-9A1E7A4F7556}") = "ITS.Domain", "ITS.Domain\ITS.Domain.csproj", "{69D09B4C-CC2E-4633-9D33-5A743B7F61BB}"
EndProject
Project("{9A19103F-16F7-4668-BE54-9A1E7A4F7556}") = "ITS.Core", "ITS.Core\ITS.Core.csproj", "{0A31611D-451A-4EA9-B34E-5253E121F00B}"
EndProject
Project("{FAE04EC0-301F-11D3-BF4B-00C04F79EFBC}") = "ITS.Api", "IPS.Api\ITS.Api.csproj", "{CC34A6FD-2681-460D-9D30-EEE5AE71B5F4}"
EndProject
Project("{FAE04EC0-301F-11D3-BF4B-00C04F79EFBC}") = "ITS", "IPS\ITS.csproj", "{C828EA17-8F5F-47E5-8C76-6D648F3310F9}"
EndProject
Global
	GlobalSection(SolutionConfigurationPlatforms) = preSolution
		Debug|Any CPU = Debug|Any CPU
		Release|Any CPU = Release|Any CPU
	EndGlobalSection
	GlobalSection(ProjectConfigurationPlatforms) = postSolution
		{69D09B4C-CC2E-4633-9D33-5A743B7F61BB}.Debug|Any CPU.ActiveCfg = Debug|Any CPU
		{69D09B4C-CC2E-4633-9D33-5A743B7F61BB}.Debug|Any CPU.Build.0 = Debug|Any CPU
		{69D09B4C-CC2E-4633-9D33-5A743B7F61BB}.Release|Any CPU.ActiveCfg = Release|Any CPU
		{69D09B4C-CC2E-4633-9D33-5A743B7F61BB}.Release|Any CPU.Build.0 = Release|Any CPU
		{0A31611D-451A-4EA9-B34E-5253E121F00B}.Debug|Any CPU.ActiveCfg = Debug|Any CPU
		{0A31611D-451A-4EA9-B34E-5253E121F00B}.Debug|Any CPU.Build.0 = Debug|Any CPU
		{0A31611D-451A-4EA9-B34E-5253E121F00B}.Release|Any CPU.ActiveCfg = Release|Any CPU
		{0A31611D-451A-4EA9-B34E-5253E121F00B}.Release|Any CPU.Build.0 = Release|Any CPU
		{CC34A6FD-2681-460D-9D30-EEE5AE71B5F4}.Debug|Any CPU.ActiveCfg = Debug|Any CPU
		{CC34A6FD-2681-460D-9D30-EEE5AE71B5F4}.Debug|Any CPU.Build.0 = Debug|Any CPU
		{CC34A6FD-2681-460D-9D30-EEE5AE71B5F4}.Release|Any CPU.ActiveCfg = Release|Any CPU
		{CC34A6FD-2681-460D-9D30-EEE5AE71B5F4}.Release|Any CPU.Build.0 = Release|Any CPU
		{C828EA17-8F5F-47E5-8C76-6D648F3310F9}.Debug|Any CPU.ActiveCfg = Debug|Any CPU
		{C828EA17-8F5F-47E5-8C76-6D648F3310F9}.Debug|Any CPU.Build.0 = Debug|Any CPU
		{C828EA17-8F5F-47E5-8C76-6D648F3310F9}.Release|Any CPU.ActiveCfg = Release|Any CPU
		{C828EA17-8F5F-47E5-8C76-6D648F3310F9}.Release|Any CPU.Build.0 = Release|Any CPU
	EndGlobalSection
	GlobalSection(SolutionProperties) = preSolution
		HideSolutionNode = FALSE
	EndGlobalSection
	GlobalSection(NestedProjects) = preSolution
		{69D09B4C-CC2E-4633-9D33-5A743B7F61BB} = {19306FF7-3915-4147-8ACA-A0A60A5E1151}
		{0A31611D-451A-4EA9-B34E-5253E121F00B} = {80C0FA1E-3F44-4A6D-AEED-0270851B254E}
		{CC34A6FD-2681-460D-9D30-EEE5AE71B5F4} = {14CF255B-5D23-4C87-9A98-EB06E1E76A5B}
		{C828EA17-8F5F-47E5-8C76-6D648F3310F9} = {14CF255B-5D23-4C87-9A98-EB06E1E76A5B}
	EndGlobalSection
	GlobalSection(ExtensibilityGlobals) = postSolution
		SolutionGuid = {EC6A0FA3-49F5-4538-999A-3545720AE3C3}
	EndGlobalSection
EndGlobal
